
Microsoft Visual Studio Solution File, Format Version 12.00
# Visual Studio 15
VisualStudioVersion = 15.0.27130.2020
MinimumVisualStudioVersion = 10.0.40219.1
Project("{8BC9CEB8-8B4A-11D0-8D11-00A0C91BC942}") = "Project1", "Project1\Project1.vcxproj", "{485D1280-FEB6-464F-B3E7-07E4D7BA1157}"
EndProject
Global
	GlobalSection(SolutionConfigurationPlatforms) = preSolution
		Debug|x64 = Debug|x64
		Debug|x86 = Debug|x86
		Release|x64 = Release|x64
		Release|x86 = Release|x86
	EndGlobalSection
	GlobalSection(ProjectConfigurationPlatforms) = postSolution
		{485D1280-FEB6-464F-B3E7-07E4D7BA1157}.Debug|x64.ActiveCfg = Debug|x64
		{485D1280-FEB6-464F-B3E7-07E4D7BA1157}.Debug|x64.Build.0 = Debug|x64
		{485D1280-FEB6-464F-B3E7-07E4D7BA1157}.Debug|x86.ActiveCfg = Debug|Win32
		{485D1280-FEB6-464F-B3E7-07E4D7BA1157}.Debug|x86.Build.0 = Debug|Win32
		{485D1280-FEB6-464F-B3E7-07E4D7BA1157}.Release|x64.ActiveCfg = Release|x64
		{485D1280-FEB6-464F-B3E7-07E4D7BA1157}.Release|x64.Build.0 = Release|x64
		{485D1280-FEB6-464F-B3E7-07E4D7BA1157}.Release|x86.ActiveCfg = Release|Win32
		{485D1280-FEB6-464F-B3E7-07E4D7BA1157}.Release|x86.Build.0 = Release|Win32
	EndGlobalSection
	GlobalSection(SolutionProperties) = preSolution
		HideSolutionNode = FALSE
	EndGlobalSection
	GlobalSection(ExtensibilityGlobals) = postSolution
		SolutionGuid = {D9452FB0-F2F7-4A44-BCC0-CE6A26305379}
	EndGlobalSection
EndGlobal
